
Microsoft Visual Studio Solution File, Format Version 12.00
# Visual Studio Version 17
VisualStudioVersion = 17.0.31903.59
MinimumVisualStudioVersion = 10.0.40219.1
Project("{FAE04EC0-301F-11D3-BF4B-00C04F79EFBC}") = "SalesforceGrpc", "SalesforceGrpc\SalesforceGrpc.csproj", "{729AEED0-8858-4E6D-8E21-236F1B82400A}"
EndProject
Project("{FAE04EC0-301F-11D3-BF4B-00C04F79EFBC}") = "SalesforceGRPCTest", "SalesforceGRPCTest\SalesforceGRPCTest.csproj", "{6523C6CB-A0F8-41FC-94DD-46CDD5A40CD1}"
EndProject
Global
	GlobalSection(SolutionConfigurationPlatforms) = preSolution
		Debug|Any CPU = Debug|Any CPU
		Release|Any CPU = Release|Any CPU
	EndGlobalSection
	GlobalSection(SolutionProperties) = preSolution
		HideSolutionNode = FALSE
	EndGlobalSection
	GlobalSection(ProjectConfigurationPlatforms) = postSolution
		{729AEED0-8858-4E6D-8E21-236F1B82400A}.Debug|Any CPU.ActiveCfg = Debug|Any CPU
		{729AEED0-8858-4E6D-8E21-236F1B82400A}.Debug|Any CPU.Build.0 = Debug|Any CPU
		{729AEED0-8858-4E6D-8E21-236F1B82400A}.Release|Any CPU.ActiveCfg = Release|Any CPU
		{729AEED0-8858-4E6D-8E21-236F1B82400A}.Release|Any CPU.Build.0 = Release|Any CPU
		{6523C6CB-A0F8-41FC-94DD-46CDD5A40CD1}.Debug|Any CPU.ActiveCfg = Debug|Any CPU
		{6523C6CB-A0F8-41FC-94DD-46CDD5A40CD1}.Debug|Any CPU.Build.0 = Debug|Any CPU
		{6523C6CB-A0F8-41FC-94DD-46CDD5A40CD1}.Release|Any CPU.ActiveCfg = Release|Any CPU
		{6523C6CB-A0F8-41FC-94DD-46CDD5A40CD1}.Release|Any CPU.Build.0 = Release|Any CPU
	EndGlobalSection
EndGlobal
